
Microsoft Visual Studio Solution File, Format Version 12.00
# Visual Studio Version 17
VisualStudioVersion = 17.10.35122.118
MinimumVisualStudioVersion = 10.0.40219.1
Project("{FAE04EC0-301F-11D3-BF4B-00C04F79EFBC}") = "Lab1", "Lab1.csproj", "{FDB65C65-3963-49DF-AFF1-396D25209862}"
EndProject
Global
	GlobalSection(SolutionConfigurationPlatforms) = preSolution
		Debug|Any CPU = Debug|Any CPU
		Release|Any CPU = Release|Any CPU
	EndGlobalSection
	GlobalSection(ProjectConfigurationPlatforms) = postSolution
		{FDB65C65-3963-49DF-AFF1-396D25209862}.Debug|Any CPU.ActiveCfg = Debug|Any CPU
		{FDB65C65-3963-49DF-AFF1-396D25209862}.Debug|Any CPU.Build.0 = Debug|Any CPU
		{FDB65C65-3963-49DF-AFF1-396D25209862}.Release|Any CPU.ActiveCfg = Release|Any CPU
		{FDB65C65-3963-49DF-AFF1-396D25209862}.Release|Any CPU.Build.0 = Release|Any CPU
	EndGlobalSection
	GlobalSection(SolutionProperties) = preSolution
		HideSolutionNode = FALSE
	EndGlobalSection
	GlobalSection(ExtensibilityGlobals) = postSolution
		SolutionGuid = {2CA63B32-B50C-4BB8-A842-B015EA845921}
	EndGlobalSection
EndGlobal
